// !$*UTF8*$!
{
	archiveVersion = 1;
	classes = {
	};
	objectVersion = 56;
	objects = {

/* Begin PBXBuildFile section */
		D8C4A03428E37A2B0090603C /* E_HealthApp.swift in Sources */ = {isa = PBXBuildFile; fileRef = D8C4A03328E37A2B0090603C /* E_HealthApp.swift */; };
		D8C4A03628E37A2B0090603C /* ContentView.swift in Sources */ = {isa = PBXBuildFile; fileRef = D8C4A03528E37A2B0090603C /* ContentView.swift */; };
		D8C4A03828E37A2D0090603C /* Assets.xcassets in Resources */ = {isa = PBXBuildFile; fileRef = D8C4A03728E37A2D0090603C /* Assets.xcassets */; };
		D8C4A03B28E37A2D0090603C /* Preview Assets.xcassets in Resources */ = {isa = PBXBuildFile; fileRef = D8C4A03A28E37A2D0090603C /* Preview Assets.xcassets */; };
		D8C4A04528E37A2E0090603C /* E_HealthTests.swift in Sources */ = {isa = PBXBuildFile; fileRef = D8C4A04428E37A2E0090603C /* E_HealthTests.swift */; };
		D8C4A04F28E37A2E0090603C /* E_HealthUITests.swift in Sources */ = {isa = PBXBuildFile; fileRef = D8C4A04E28E37A2E0090603C /* E_HealthUITests.swift */; };
		D8C4A05128E37A2E0090603C /* E_HealthUITestsLaunchTests.swift in Sources */ = {isa = PBXBuildFile; fileRef = D8C4A05028E37A2E0090603C /* E_HealthUITestsLaunchTests.swift */; };
/* End PBXBuildFile section */

/* Begin PBXContainerItemProxy section */
		D8C4A04128E37A2E0090603C /* PBXContainerItemProxy */ = {
			isa = PBXContainerItemProxy;
			containerPortal = D8C4A02828E37A2B0090603C /* Project object */;
			proxyType = 1;
			remoteGlobalIDString = D8C4A02F28E37A2B0090603C;
			remoteInfo = "E-Health";
		};
		D8C4A04B28E37A2E0090603C /* PBXContainerItemProxy */ = {
			isa = PBXContainerItemProxy;
			containerPortal = D8C4A02828E37A2B0090603C /* Project object */;
			proxyType = 1;
			remoteGlobalIDString = D8C4A02F28E37A2B0090603C;
			remoteInfo = "E-Health";
		};
/* End PBXContainerItemProxy section */

/* Begin PBXFileReference section */
		D8C4A03028E37A2B0090603C /* E-Health.app */ = {isa = PBXFileReference; explicitFileType = wrapper.application; includeInIndex = 0; path = "E-Health.app"; sourceTree = BUILT_PRODUCTS_DIR; };
		D8C4A03328E37A2B0090603C /* E_HealthApp.swift */ = {isa = PBXFileReference; lastKnownFileType = sourcecode.swift; path = E_HealthApp.swift; sourceTree = "<group>"; };
		D8C4A03528E37A2B0090603C /* ContentView.swift */ = {isa = PBXFileReference; lastKnownFileType = sourcecode.swift; path = ContentView.swift; sourceTree = "<group>"; };
		D8C4A03728E37A2D0090603C /* Assets.xcassets */ = {isa = PBXFileReference; lastKnownFileType = folder.assetcatalog; path = Assets.xcassets; sourceTree = "<group>"; };
		D8C4A03A28E37A2D0090603C /* Preview Assets.xcassets */ = {isa = PBXFileReference; lastKnownFileType = folder.assetcatalog; path = "Preview Assets.xcassets"; sourceTree = "<group>"; };
		D8C4A04028E37A2E0090603C /* E-HealthTests.xctest */ = {isa = PBXFileReference; explicitFileType = wrapper.cfbundle; includeInIndex = 0; path = "E-HealthTests.xctest"; sourceTree = BUILT_PRODUCTS_DIR; };
		D8C4A04428E37A2E0090603C /* E_HealthTests.swift */ = {isa = PBXFileReference; lastKnownFileType = sourcecode.swift; path = E_HealthTests.swift; sourceTree = "<group>"; };
		D8C4A04A28E37A2E0090603C /* E-HealthUITests.xctest */ = {isa = PBXFileReference; explicitFileType = wrapper.cfbundle; includeInIndex = 0; path = "E-HealthUITests.xctest"; sourceTree = BUILT_PRODUCTS_DIR; };
		D8C4A04E28E37A2E0090603C /* E_HealthUITests.swift */ = {isa = PBXFileReference; lastKnownFileType = sourcecode.swift; path = E_HealthUITests.swift; sourceTree = "<group>"; };
		D8C4A05028E37A2E0090603C /* E_HealthUITestsLaunchTests.swift */ = {isa = PBXFileReference; lastKnownFileType = sourcecode.swift; path = E_HealthUITestsLaunchTests.swift; sourceTree = "<group>"; };
/* End PBXFileReference section */

/* Begin PBXFrameworksBuildPhase section */
		D8C4A02D28E37A2B0090603C /* Frameworks */ = {
			isa = PBXFrameworksBuildPhase;
			buildActionMask = 2147483647;
			files = (
			);
			runOnlyForDeploymentPostprocessing = 0;
		};
		D8C4A03D28E37A2E0090603C /* Frameworks */ = {
			isa = PBXFrameworksBuildPhase;
			buildActionMask = 2147483647;
			files = (
			);
			runOnlyForDeploymentPostprocessing = 0;
		};
		D8C4A04728E37A2E0090603C /* Frameworks */ = {
			isa = PBXFrameworksBuildPhase;
			buildActionMask = 2147483647;
			files = (
			);
			runOnlyForDeploymentPostprocessing = 0;
		};
/* End PBXFrameworksBuildPhase section */

/* Begin PBXGroup section */
		D8C4A02728E37A2B0090603C = {
			isa = PBXGroup;
			children = (
				D8C4A03228E37A2B0090603C /* E-Health */,
				D8C4A04328E37A2E0090603C /* E-HealthTests */,
				D8C4A04D28E37A2E0090603C /* E-HealthUITests */,
				D8C4A03128E37A2B0090603C /* Products */,
			);
			sourceTree = "<group>";
		};
		D8C4A03128E37A2B0090603C /* Products */ = {
			isa = PBXGroup;
			children = (
				D8C4A03028E37A2B0090603C /* E-Health.app */,
				D8C4A04028E37A2E0090603C /* E-HealthTests.xctest */,
				D8C4A04A28E37A2E0090603C /* E-HealthUITests.xctest */,
			);
			name = Products;
			sourceTree = "<group>";
		};
		D8C4A03228E37A2B0090603C /* E-Health */ = {
			isa = PBXGroup;
			children = (
				D8C4A03328E37A2B0090603C /* E_HealthApp.swift */,
				D8C4A03528E37A2B0090603C /* ContentView.swift */,
				D8C4A03728E37A2D0090603C /* Assets.xcassets */,
				D8C4A03928E37A2D0090603C /* Preview Content */,
			);
			path = "E-Health";
			sourceTree = "<group>";
		};
		D8C4A03928E37A2D0090603C /* Preview Content */ = {
			isa = PBXGroup;
			children = (
				D8C4A03A28E37A2D0090603C /* Preview Assets.xcassets */,
			);
			path = "Preview Content";
			sourceTree = "<group>";
		};
		D8C4A04328E37A2E0090603C /* E-HealthTests */ = {
			isa = PBXGroup;
			children = (
				D8C4A04428E37A2E0090603C /* E_HealthTests.swift */,
			);
			path = "E-HealthTests";
			sourceTree = "<group>";
		};
		D8C4A04D28E37A2E0090603C /* E-HealthUITests */ = {
			isa = PBXGroup;
			children = (
				D8C4A04E28E37A2E0090603C /* E_HealthUITests.swift */,
				D8C4A05028E37A2E0090603C /* E_HealthUITestsLaunchTests.swift */,
			);
			path = "E-HealthUITests";
			sourceTree = "<group>";
		};
/* End PBXGroup section */

/* Begin PBXNativeTarget section */
		D8C4A02F28E37A2B0090603C /* E-Health */ = {
			isa = PBXNativeTarget;
			buildConfigurationList = D8C4A05428E37A2E0090603C /* Build configuration list for PBXNativeTarget "E-Health" */;
			buildPhases = (
				D8C4A02C28E37A2B0090603C /* Sources */,
				D8C4A02D28E37A2B0090603C /* Frameworks */,
				D8C4A02E28E37A2B0090603C /* Resources */,
			);
			buildRules = (
			);
			dependencies = (
			);
			name = "E-Health";
			productName = "E-Health";
			productReference = D8C4A03028E37A2B0090603C /* E-Health.app */;
			productType = "com.apple.product-type.application";
		};
		D8C4A03F28E37A2E0090603C /* E-HealthTests */ = {
			isa = PBXNativeTarget;
			buildConfigurationList = D8C4A05728E37A2E0090603C /* Build configuration list for PBXNativeTarget "E-HealthTests" */;
			buildPhases = (
				D8C4A03C28E37A2E0090603C /* Sources */,
				D8C4A03D28E37A2E0090603C /* Frameworks */,
				D8C4A03E28E37A2E0090603C /* Resources */,
			);
			buildRules = (
			);
			dependencies = (
				D8C4A04228E37A2E0090603C /* PBXTargetDependency */,
			);
			name = "E-HealthTests";
			productName = "E-HealthTests";
			productReference = D8C4A04028E37A2E0090603C /* E-HealthTests.xctest */;
			productType = "com.apple.product-type.bundle.unit-test";
		};
		D8C4A04928E37A2E0090603C /* E-HealthUITests */ = {
			isa = PBXNativeTarget;
			buildConfigurationList = D8C4A05A28E37A2E0090603C /* Build configuration list for PBXNativeTarget "E-HealthUITests" */;
			buildPhases = (
				D8C4A04628E37A2E0090603C /* Sources */,
				D8C4A04728E37A2E0090603C /* Frameworks */,
				D8C4A04828E37A2E0090603C /* Resources */,
			);
			buildRules = (
			);
			dependencies = (
				D8C4A04C28E37A2E0090603C /* PBXTargetDependency */,
			);
			name = "E-HealthUITests";
			productName = "E-HealthUITests";
			productReference = D8C4A04A28E37A2E0090603C /* E-HealthUITests.xctest */;
			productType = "com.apple.product-type.bundle.ui-testing";
		};
/* End PBXNativeTarget section */

/* Begin PBXProject section */
		D8C4A02828E37A2B0090603C /* Project object */ = {
			isa = PBXProject;
			attributes = {
				BuildIndependentTargetsInParallel = 1;
				LastSwiftUpdateCheck = 1400;
				LastUpgradeCheck = 1400;
				TargetAttributes = {
					D8C4A02F28E37A2B0090603C = {
						CreatedOnToolsVersion = 14.0;
					};
					D8C4A03F28E37A2E0090603C = {
						CreatedOnToolsVersion = 14.0;
						TestTargetID = D8C4A02F28E37A2B0090603C;
					};
					D8C4A04928E37A2E0090603C = {
						CreatedOnToolsVersion = 14.0;
						TestTargetID = D8C4A02F28E37A2B0090603C;
					};
				};
			};
			buildConfigurationList = D8C4A02B28E37A2B0090603C /* Build configuration list for PBXProject "E-Health" */;
			compatibilityVersion = "Xcode 14.0";
			developmentRegion = en;
			hasScannedForEncodings = 0;
			knownRegions = (
				en,
				Base,
			);
			mainGroup = D8C4A02728E37A2B0090603C;
			productRefGroup = D8C4A03128E37A2B0090603C /* Products */;
			projectDirPath = "";
			projectRoot = "";
			targets = (
				D8C4A02F28E37A2B0090603C /* E-Health */,
				D8C4A03F28E37A2E0090603C /* E-HealthTests */,
				D8C4A04928E37A2E0090603C /* E-HealthUITests */,
			);
		};
/* End PBXProject section */

/* Begin PBXResourcesBuildPhase section */
		D8C4A02E28E37A2B0090603C /* Resources */ = {
			isa = PBXResourcesBuildPhase;
			buildActionMask = 2147483647;
			files = (
				D8C4A03B28E37A2D0090603C /* Preview Assets.xcassets in Resources */,
				D8C4A03828E37A2D0090603C /* Assets.xcassets in Resources */,
			);
			runOnlyForDeploymentPostprocessing = 0;
		};
		D8C4A03E28E37A2E0090603C /* Resources */ = {
			isa = PBXResourcesBuildPhase;
			buildActionMask = 2147483647;
			files = (
			);
			runOnlyForDeploymentPostprocessing = 0;
		};
		D8C4A04828E37A2E0090603C /* Resources */ = {
			isa = PBXResourcesBuildPhase;
			buildActionMask = 2147483647;
			files = (
			);
			runOnlyForDeploymentPostprocessing = 0;
		};
/* End PBXResourcesBuildPhase section */

/* Begin PBXSourcesBuildPhase section */
		D8C4A02C28E37A2B0090603C /* Sources */ = {
			isa = PBXSourcesBuildPhase;
			buildActionMask = 2147483647;
			files = (
				D8C4A03628E37A2B0090603C /* ContentView.swift in Sources */,
				D8C4A03428E37A2B0090603C /* E_HealthApp.swift in Sources */,
			);
			runOnlyForDeploymentPostprocessing = 0;
		};
		D8C4A03C28E37A2E0090603C /* Sources */ = {
			isa = PBXSourcesBuildPhase;
			buildActionMask = 2147483647;
			files = (
				D8C4A04528E37A2E0090603C /* E_HealthTests.swift in Sources */,
			);
			runOnlyForDeploymentPostprocessing = 0;
		};
		D8C4A04628E37A2E0090603C /* Sources */ = {
			isa = PBXSourcesBuildPhase;
			buildActionMask = 2147483647;
			files = (
				D8C4A05128E37A2E0090603C /* E_HealthUITestsLaunchTests.swift in Sources */,
				D8C4A04F28E37A2E0090603C /* E_HealthUITests.swift in Sources */,
			);
			runOnlyForDeploymentPostprocessing = 0;
		};
/* End PBXSourcesBuildPhase section */

/* Begin PBXTargetDependency section */
		D8C4A04228E37A2E0090603C /* PBXTargetDependency */ = {
			isa = PBXTargetDependency;
			target = D8C4A02F28E37A2B0090603C /* E-Health */;
			targetProxy = D8C4A04128E37A2E0090603C /* PBXContainerItemProxy */;
		};
		D8C4A04C28E37A2E0090603C /* PBXTargetDependency */ = {
			isa = PBXTargetDependency;
			target = D8C4A02F28E37A2B0090603C /* E-Health */;
			targetProxy = D8C4A04B28E37A2E0090603C /* PBXContainerItemProxy */;
		};
/* End PBXTargetDependency section */

/* Begin XCBuildConfiguration section */
		D8C4A05228E37A2E0090603C /* Debug */ = {
			isa = XCBuildConfiguration;
			buildSettings = {
				ALWAYS_SEARCH_USER_PATHS = NO;
				CLANG_ANALYZER_NONNULL = YES;
				CLANG_ANALYZER_NUMBER_OBJECT_CONVERSION = YES_AGGRESSIVE;
				CLANG_CXX_LANGUAGE_STANDARD = "gnu++20";
				CLANG_ENABLE_MODULES = YES;
				CLANG_ENABLE_OBJC_ARC = YES;
				CLANG_ENABLE_OBJC_WEAK = YES;
				CLANG_WARN_BLOCK_CAPTURE_AUTORELEASING = YES;
				CLANG_WARN_BOOL_CONVERSION = YES;
				CLANG_WARN_COMMA = YES;
				CLANG_WARN_CONSTANT_CONVERSION = YES;
				CLANG_WARN_DEPRECATED_OBJC_IMPLEMENTATIONS = YES;
				CLANG_WARN_DIRECT_OBJC_ISA_USAGE = YES_ERROR;
				CLANG_WARN_DOCUMENTATION_COMMENTS = YES;
				CLANG_WARN_EMPTY_BODY = YES;
				CLANG_WARN_ENUM_CONVERSION = YES;
				CLANG_WARN_INFINITE_RECURSION = YES;
				CLANG_WARN_INT_CONVERSION = YES;
				CLANG_WARN_NON_LITERAL_NULL_CONVERSION = YES;
				CLANG_WARN_OBJC_IMPLICIT_RETAIN_SELF = YES;
				CLANG_WARN_OBJC_LITERAL_CONVERSION = YES;
				CLANG_WARN_OBJC_ROOT_CLASS = YES_ERROR;
				CLANG_WARN_QUOTED_INCLUDE_IN_FRAMEWORK_HEADER = YES;
				CLANG_WARN_RANGE_LOOP_ANALYSIS = YES;
				CLANG_WARN_STRICT_PROTOTYPES = YES;
				CLANG_WARN_SUSPICIOUS_MOVE = YES;
				CLANG_WARN_UNGUARDED_AVAILABILITY = YES_AGGRESSIVE;
				CLANG_WARN_UNREACHABLE_CODE = YES;
				CLANG_WARN__DUPLICATE_METHOD_MATCH = YES;
				COPY_PHASE_STRIP = NO;
				DEBUG_INFORMATION_FORMAT = dwarf;
				ENABLE_STRICT_OBJC_MSGSEND = YES;
				ENABLE_TESTABILITY = YES;
				GCC_C_LANGUAGE_STANDARD = gnu11;
				GCC_DYNAMIC_NO_PIC = NO;
				GCC_NO_COMMON_BLOCKS = YES;
				GCC_OPTIMIZATION_LEVEL = 0;
				GCC_PREPROCESSOR_DEFINITIONS = (
					"DEBUG=1",
					"$(inherited)",
				);
				GCC_WARN_64_TO_32_BIT_CONVERSION = YES;
				GCC_WARN_ABOUT_RETURN_TYPE = YES_ERROR;
				GCC_WARN_UNDECLARED_SELECTOR = YES;
				GCC_WARN_UNINITIALIZED_AUTOS = YES_AGGRESSIVE;
				GCC_WARN_UNUSED_FUNCTION = YES;
				GCC_WARN_UNUSED_VARIABLE = YES;
				IPHONEOS_DEPLOYMENT_TARGET = 16.0;
				MTL_ENABLE_DEBUG_INFO = INCLUDE_SOURCE;
				MTL_FAST_MATH = YES;
				ONLY_ACTIVE_ARCH = YES;
				SDKROOT = iphoneos;
				SWIFT_ACTIVE_COMPILATION_CONDITIONS = DEBUG;
				SWIFT_OPTIMIZATION_LEVEL = "-Onone";
			};
			name = Debug;
		};
		D8C4A05328E37A2E0090603C /* Release */ = {
			isa = XCBuildConfiguration;
			buildSettings = {
				ALWAYS_SEARCH_USER_PATHS = NO;
				CLANG_ANALYZER_NONNULL = YES;
				CLANG_ANALYZER_NUMBER_OBJECT_CONVERSION = YES_AGGRESSIVE;
				CLANG_CXX_LANGUAGE_STANDARD = "gnu++20";
				CLANG_ENABLE_MODULES = YES;
				CLANG_ENABLE_OBJC_ARC = YES;
				CLANG_ENABLE_OBJC_WEAK = YES;
				CLANG_WARN_BLOCK_CAPTURE_AUTORELEASING = YES;
				CLANG_WARN_BOOL_CONVERSION = YES;
				CLANG_WARN_COMMA = YES;
				CLANG_WARN_CONSTANT_CONVERSION = YES;
				CLANG_WARN_DEPRECATED_OBJC_IMPLEMENTATIONS = YES;
				CLANG_WARN_DIRECT_OBJC_ISA_USAGE = YES_ERROR;
				CLANG_WARN_DOCUMENTATION_COMMENTS = YES;
				CLANG_WARN_EMPTY_BODY = YES;
				CLANG_WARN_ENUM_CONVERSION = YES;
				CLANG_WARN_INFINITE_RECURSION = YES;
				CLANG_WARN_INT_CONVERSION = YES;
				CLANG_WARN_NON_LITERAL_NULL_CONVERSION = YES;
				CLANG_WARN_OBJC_IMPLICIT_RETAIN_SELF = YES;
				CLANG_WARN_OBJC_LITERAL_CONVERSION = YES;
				CLANG_WARN_OBJC_ROOT_CLASS = YES_ERROR;
				CLANG_WARN_QUOTED_INCLUDE_IN_FRAMEWORK_HEADER = YES;
				CLANG_WARN_RANGE_LOOP_ANALYSIS = YES;
				CLANG_WARN_STRICT_PROTOTYPES = YES;
				CLANG_WARN_SUSPICIOUS_MOVE = YES;
				CLANG_WARN_UNGUARDED_AVAILABILITY = YES_AGGRESSIVE;
				CLANG_WARN_UNREACHABLE_CODE = YES;
				CLANG_WARN__DUPLICATE_METHOD_MATCH = YES;
				COPY_PHASE_STRIP = NO;
				DEBUG_INFORMATION_FORMAT = "dwarf-with-dsym";
				ENABLE_NS_ASSERTIONS = NO;
				ENABLE_STRICT_OBJC_MSGSEND = YES;
				GCC_C_LANGUAGE_STANDARD = gnu11;
				GCC_NO_COMMON_BLOCKS = YES;
				GCC_WARN_64_TO_32_BIT_CONVERSION = YES;
				GCC_WARN_ABOUT_RETURN_TYPE = YES_ERROR;
				GCC_WARN_UNDECLARED_SELECTOR = YES;
				GCC_WARN_UNINITIALIZED_AUTOS = YES_AGGRESSIVE;
				GCC_WARN_UNUSED_FUNCTION = YES;
				GCC_WARN_UNUSED_VARIABLE = YES;
				IPHONEOS_DEPLOYMENT_TARGET = 16.0;
				MTL_ENABLE_DEBUG_INFO = NO;
				MTL_FAST_MATH = YES;
				SDKROOT = iphoneos;
				SWIFT_COMPILATION_MODE = wholemodule;
				SWIFT_OPTIMIZATION_LEVEL = "-O";
				VALIDATE_PRODUCT = YES;
			};
			name = Release;
		};
		D8C4A05528E37A2E0090603C /* Debug */ = {
			isa = XCBuildConfiguration;
			buildSettings = {
				ASSETCATALOG_COMPILER_APPICON_NAME = AppIcon;
				ASSETCATALOG_COMPILER_GLOBAL_ACCENT_COLOR_NAME = AccentColor;
				CODE_SIGN_STYLE = Automatic;
				CURRENT_PROJECT_VERSION = 1;
				DEVELOPMENT_ASSET_PATHS = "\"E-Health/Preview Content\"";
				DEVELOPMENT_TEAM = 438DD3WKDT;
				ENABLE_PREVIEWS = YES;
				GENERATE_INFOPLIST_FILE = YES;
				INFOPLIST_KEY_UIApplicationSceneManifest_Generation = YES;
				INFOPLIST_KEY_UIApplicationSupportsIndirectInputEvents = YES;
				INFOPLIST_KEY_UILaunchScreen_Generation = YES;
				INFOPLIST_KEY_UISupportedInterfaceOrientations_iPad = "UIInterfaceOrientationPortrait UIInterfaceOrientationPortraitUpsideDown UIInterfaceOrientationLandscapeLeft UIInterfaceOrientationLandscapeRight";
				INFOPLIST_KEY_UISupportedInterfaceOrientations_iPhone = "UIInterfaceOrientationPortrait UIInterfaceOrientationLandscapeLeft UIInterfaceOrientationLandscapeRight";
				IPHONEOS_DEPLOYMENT_TARGET = 16.0;
				LD_RUNPATH_SEARCH_PATHS = (
					"$(inherited)",
					"@executable_path/Frameworks",
				);
				MARKETING_VERSION = 1.0;
				PRODUCT_BUNDLE_IDENTIFIER = "Devin.E-Health";
				PRODUCT_NAME = "$(TARGET_NAME)";
				SWIFT_EMIT_LOC_STRINGS = YES;
				SWIFT_VERSION = 5.0;
				TARGETED_DEVICE_FAMILY = "1,2";
			};
			name = Debug;
		};
		D8C4A05628E37A2E0090603C /* Release */ = {
			isa = XCBuildConfiguration;
			buildSettings = {
				ASSETCATALOG_COMPILER_APPICON_NAME = AppIcon;
				ASSETCATALOG_COMPILER_GLOBAL_ACCENT_COLOR_NAME = AccentColor;
				CODE_SIGN_STYLE = Automatic;
				CURRENT_PROJECT_VERSION = 1;
				DEVELOPMENT_ASSET_PATHS = "\"E-Health/Preview Content\"";
				DEVELOPMENT_TEAM = 438DD3WKDT;
				ENABLE_PREVIEWS = YES;
				GENERATE_INFOPLIST_FILE = YES;
				INFOPLIST_KEY_UIApplicationSceneManifest_Generation = YES;
				INFOPLIST_KEY_UIApplicationSupportsIndirectInputEvents = YES;
				INFOPLIST_KEY_UILaunchScreen_Generation = YES;
				INFOPLIST_KEY_UISupportedInterfaceOrientations_iPad = "UIInterfaceOrientationPortrait UIInterfaceOrientationPortraitUpsideDown UIInterfaceOrientationLandscapeLeft UIInterfaceOrientationLandscapeRight";
				INFOPLIST_KEY_UISupportedInterfaceOrientations_iPhone = "UIInterfaceOrientationPortrait UIInterfaceOrientationLandscapeLeft UIInterfaceOrientationLandscapeRight";
				IPHONEOS_DEPLOYMENT_TARGET = 16.0;
				LD_RUNPATH_SEARCH_PATHS = (
					"$(inherited)",
					"@executable_path/Frameworks",
				);
				MARKETING_VERSION = 1.0;
				PRODUCT_BUNDLE_IDENTIFIER = "Devin.E-Health";
				PRODUCT_NAME = "$(TARGET_NAME)";
				SWIFT_EMIT_LOC_STRINGS = YES;
				SWIFT_VERSION = 5.0;
				TARGETED_DEVICE_FAMILY = "1,2";
			};
			name = Release;
		};
		D8C4A05828E37A2E0090603C /* Debug */ = {
			isa = XCBuildConfiguration;
			buildSettings = {
				ALWAYS_EMBED_SWIFT_STANDARD_LIBRARIES = YES;
				BUNDLE_LOADER = "$(TEST_HOST)";
				CODE_SIGN_STYLE = Automatic;
				CURRENT_PROJECT_VERSION = 1;
				GENERATE_INFOPLIST_FILE = YES;
				IPHONEOS_DEPLOYMENT_TARGET = 16.0;
				MARKETING_VERSION = 1.0;
				PRODUCT_BUNDLE_IDENTIFIER = "Devin.E-HealthTests";
				PRODUCT_NAME = "$(TARGET_NAME)";
				SWIFT_EMIT_LOC_STRINGS = NO;
				SWIFT_VERSION = 5.0;
				TARGETED_DEVICE_FAMILY = "1,2";
				TEST_HOST = "$(BUILT_PRODUCTS_DIR)/E-Health.app/$(BUNDLE_EXECUTABLE_FOLDER_PATH)/E-Health";
			};
			name = Debug;
		};
		D8C4A05928E37A2E0090603C /* Release */ = {
			isa = XCBuildConfiguration;
			buildSettings = {
				ALWAYS_EMBED_SWIFT_STANDARD_LIBRARIES = YES;
				BUNDLE_LOADER = "$(TEST_HOST)";
				CODE_SIGN_STYLE = Automatic;
				CURRENT_PROJECT_VERSION = 1;
				GENERATE_INFOPLIST_FILE = YES;
				IPHONEOS_DEPLOYMENT_TARGET = 16.0;
				MARKETING_VERSION = 1.0;
				PRODUCT_BUNDLE_IDENTIFIER = "Devin.E-HealthTests";
				PRODUCT_NAME = "$(TARGET_NAME)";
				SWIFT_EMIT_LOC_STRINGS = NO;
				SWIFT_VERSION = 5.0;
				TARGETED_DEVICE_FAMILY = "1,2";
				TEST_HOST = "$(BUILT_PRODUCTS_DIR)/E-Health.app/$(BUNDLE_EXECUTABLE_FOLDER_PATH)/E-Health";
			};
			name = Release;
		};
		D8C4A05B28E37A2E0090603C /* Debug */ = {
			isa = XCBuildConfiguration;
			buildSettings = {
				ALWAYS_EMBED_SWIFT_STANDARD_LIBRARIES = YES;
				CODE_SIGN_STYLE = Automatic;
				CURRENT_PROJECT_VERSION = 1;
				GENERATE_INFOPLIST_FILE = YES;
				MARKETING_VERSION = 1.0;
				PRODUCT_BUNDLE_IDENTIFIER = "Devin.E-HealthUITests";
				PRODUCT_NAME = "$(TARGET_NAME)";
				SWIFT_EMIT_LOC_STRINGS = NO;
				SWIFT_VERSION = 5.0;
				TARGETED_DEVICE_FAMILY = "1,2";
				TEST_TARGET_NAME = "E-Health";
			};
			name = Debug;
		};
		D8C4A05C28E37A2E0090603C /* Release */ = {
			isa = XCBuildConfiguration;
			buildSettings = {
				ALWAYS_EMBED_SWIFT_STANDARD_LIBRARIES = YES;
				CODE_SIGN_STYLE = Automatic;
				CURRENT_PROJECT_VERSION = 1;
				GENERATE_INFOPLIST_FILE = YES;
				MARKETING_VERSION = 1.0;
				PRODUCT_BUNDLE_IDENTIFIER = "Devin.E-HealthUITests";
				PRODUCT_NAME = "$(TARGET_NAME)";
				SWIFT_EMIT_LOC_STRINGS = NO;
				SWIFT_VERSION = 5.0;
				TARGETED_DEVICE_FAMILY = "1,2";
				TEST_TARGET_NAME = "E-Health";
			};
			name = Release;
		};
/* End XCBuildConfiguration section */

/* Begin XCConfigurationList section */
		D8C4A02B28E37A2B0090603C /* Build configuration list for PBXProject "E-Health" */ = {
			isa = XCConfigurationList;
			buildConfigurations = (
				D8C4A05228E37A2E0090603C /* Debug */,
				D8C4A05328E37A2E0090603C /* Release */,
			);
			defaultConfigurationIsVisible = 0;
			defaultConfigurationName = Release;
		};
		D8C4A05428E37A2E0090603C /* Build configuration list for PBXNativeTarget "E-Health" */ = {
			isa = XCConfigurationList;
			buildConfigurations = (
				D8C4A05528E37A2E0090603C /* Debug */,
				D8C4A05628E37A2E0090603C /* Release */,
			);
			defaultConfigurationIsVisible = 0;
			defaultConfigurationName = Release;
		};
		D8C4A05728E37A2E0090603C /* Build configuration list for PBXNativeTarget "E-HealthTests" */ = {
			isa = XCConfigurationList;
			buildConfigurations = (
				D8C4A05828E37A2E0090603C /* Debug */,
				D8C4A05928E37A2E0090603C /* Release */,
			);
			defaultConfigurationIsVisible = 0;
			defaultConfigurationName = Release;
		};
		D8C4A05A28E37A2E0090603C /* Build configuration list for PBXNativeTarget "E-HealthUITests" */ = {
			isa = XCConfigurationList;
			buildConfigurations = (
				D8C4A05B28E37A2E0090603C /* Debug */,
				D8C4A05C28E37A2E0090603C /* Release */,
			);
			defaultConfigurationIsVisible = 0;
			defaultConfigurationName = Release;
		};
/* End XCConfigurationList section */
	};
	rootObject = D8C4A02828E37A2B0090603C /* Project object */;
}
